
Microsoft Visual Studio Solution File, Format Version 12.00
# Visual Studio Version 17
VisualStudioVersion = 17.5.33414.496
MinimumVisualStudioVersion = 10.0.40219.1
Project("{FAE04EC0-301F-11D3-BF4B-00C04F79EFBC}") = "TodoApi", "TodoApi\TodoApi.csproj", "{1EB744AE-550A-45B9-966B-AB8FEADDA707}"
EndProject
Global
	GlobalSection(SolutionConfigurationPlatforms) = preSolution
		Debug|Any CPU = Debug|Any CPU
		Release|Any CPU = Release|Any CPU
	EndGlobalSection
	GlobalSection(ProjectConfigurationPlatforms) = postSolution
		{1EB744AE-550A-45B9-966B-AB8FEADDA707}.Debug|Any CPU.ActiveCfg = Debug|Any CPU
		{1EB744AE-550A-45B9-966B-AB8FEADDA707}.Debug|Any CPU.Build.0 = Debug|Any CPU
		{1EB744AE-550A-45B9-966B-AB8FEADDA707}.Release|Any CPU.ActiveCfg = Release|Any CPU
		{1EB744AE-550A-45B9-966B-AB8FEADDA707}.Release|Any CPU.Build.0 = Release|Any CPU
	EndGlobalSection
	GlobalSection(SolutionProperties) = preSolution
		HideSolutionNode = FALSE
	EndGlobalSection
	GlobalSection(ExtensibilityGlobals) = postSolution
		SolutionGuid = {224AA5CF-C44B-4003-86CC-536E112024F4}
	EndGlobalSection
EndGlobal
